// !$*UTF8*$!
{
	archiveVersion = 1;
	classes = {
	};
	objectVersion = 77;
	objects = {

/* Begin PBXContainerItemProxy section */
		158B212A2D9CAF130014662B /* PBXContainerItemProxy */ = {
			isa = PBXContainerItemProxy;
			containerPortal = 158B210B2D9CAF120014662B /* Project object */;
			proxyType = 1;
			remoteGlobalIDString = 158B21122D9CAF120014662B;
			remoteInfo = foodSync;
		};
		158B21342D9CAF140014662B /* PBXContainerItemProxy */ = {
			isa = PBXContainerItemProxy;
			containerPortal = 158B210B2D9CAF120014662B /* Project object */;
			proxyType = 1;
			remoteGlobalIDString = 158B21122D9CAF120014662B;
			remoteInfo = foodSync;
		};
/* End PBXContainerItemProxy section */

/* Begin PBXFileReference section */
		158B21132D9CAF120014662B /* foodSync.app */ = {isa = PBXFileReference; explicitFileType = wrapper.application; includeInIndex = 0; path = foodSync.app; sourceTree = BUILT_PRODUCTS_DIR; };
		158B21292D9CAF130014662B /* foodSyncTests.xctest */ = {isa = PBXFileReference; explicitFileType = wrapper.cfbundle; includeInIndex = 0; path = foodSyncTests.xctest; sourceTree = BUILT_PRODUCTS_DIR; };
		158B21332D9CAF140014662B /* foodSyncUITests.xctest */ = {isa = PBXFileReference; explicitFileType = wrapper.cfbundle; includeInIndex = 0; path = foodSyncUITests.xctest; sourceTree = BUILT_PRODUCTS_DIR; };
/* End PBXFileReference section */

/* Begin PBXFileSystemSynchronizedBuildFileExceptionSet section */
		158B213B2D9CAF140014662B /* Exceptions for "foodSync" folder in "foodSync" target */ = {
			isa = PBXFileSystemSynchronizedBuildFileExceptionSet;
			membershipExceptions = (
				Info.plist,
			);
			target = 158B21122D9CAF120014662B /* foodSync */;
		};
/* End PBXFileSystemSynchronizedBuildFileExceptionSet section */

/* Begin PBXFileSystemSynchronizedRootGroup section */
		158B21152D9CAF120014662B /* foodSync */ = {
			isa = PBXFileSystemSynchronizedRootGroup;
			exceptions = (
				158B213B2D9CAF140014662B /* Exceptions for "foodSync" folder in "foodSync" target */,
			);
			path = foodSync;
			sourceTree = "<group>";
		};
		158B212C2D9CAF130014662B /* foodSyncTests */ = {
			isa = PBXFileSystemSynchronizedRootGroup;
			path = foodSyncTests;
			sourceTree = "<group>";
		};
		158B21362D9CAF140014662B /* foodSyncUITests */ = {
			isa = PBXFileSystemSynchronizedRootGroup;
			path = foodSyncUITests;
			sourceTree = "<group>";
		};
/* End PBXFileSystemSynchronizedRootGroup section */

/* Begin PBXFrameworksBuildPhase section */
		158B21102D9CAF120014662B /* Frameworks */ = {
			isa = PBXFrameworksBuildPhase;
			buildActionMask = 2147483647;
			files = (
			);
			runOnlyForDeploymentPostprocessing = 0;
		};
		158B21262D9CAF130014662B /* Frameworks */ = {
			isa = PBXFrameworksBuildPhase;
			buildActionMask = 2147483647;
			files = (
			);
			runOnlyForDeploymentPostprocessing = 0;
		};
		158B21302D9CAF140014662B /* Frameworks */ = {
			isa = PBXFrameworksBuildPhase;
			buildActionMask = 2147483647;
			files = (
			);
			runOnlyForDeploymentPostprocessing = 0;
		};
/* End PBXFrameworksBuildPhase section */

/* Begin PBXGroup section */
		158B210A2D9CAF120014662B = {
			isa = PBXGroup;
			children = (
				158B21152D9CAF120014662B /* foodSync */,
				158B212C2D9CAF130014662B /* foodSyncTests */,
				158B21362D9CAF140014662B /* foodSyncUITests */,
				158B21142D9CAF120014662B /* Products */,
			);
			sourceTree = "<group>";
		};
		158B21142D9CAF120014662B /* Products */ = {
			isa = PBXGroup;
			children = (
				158B21132D9CAF120014662B /* foodSync.app */,
				158B21292D9CAF130014662B /* foodSyncTests.xctest */,
				158B21332D9CAF140014662B /* foodSyncUITests.xctest */,
			);
			name = Products;
			sourceTree = "<group>";
		};
/* End PBXGroup section */

/* Begin PBXNativeTarget section */
		158B21122D9CAF120014662B /* foodSync */ = {
			isa = PBXNativeTarget;
			buildConfigurationList = 158B213C2D9CAF140014662B /* Build configuration list for PBXNativeTarget "foodSync" */;
			buildPhases = (
				158B210F2D9CAF120014662B /* Sources */,
				158B21102D9CAF120014662B /* Frameworks */,
				158B21112D9CAF120014662B /* Resources */,
			);
			buildRules = (
			);
			dependencies = (
			);
			fileSystemSynchronizedGroups = (
				158B21152D9CAF120014662B /* foodSync */,
			);
			name = foodSync;
			packageProductDependencies = (
			);
			productName = foodSync;
			productReference = 158B21132D9CAF120014662B /* foodSync.app */;
			productType = "com.apple.product-type.application";
		};
		158B21282D9CAF130014662B /* foodSyncTests */ = {
			isa = PBXNativeTarget;
			buildConfigurationList = 158B21412D9CAF140014662B /* Build configuration list for PBXNativeTarget "foodSyncTests" */;
			buildPhases = (
				158B21252D9CAF130014662B /* Sources */,
				158B21262D9CAF130014662B /* Frameworks */,
				158B21272D9CAF130014662B /* Resources */,
			);
			buildRules = (
			);
			dependencies = (
				158B212B2D9CAF130014662B /* PBXTargetDependency */,
			);
			fileSystemSynchronizedGroups = (
				158B212C2D9CAF130014662B /* foodSyncTests */,
			);
			name = foodSyncTests;
			packageProductDependencies = (
			);
			productName = foodSyncTests;
			productReference = 158B21292D9CAF130014662B /* foodSyncTests.xctest */;
			productType = "com.apple.product-type.bundle.unit-test";
		};
		158B21322D9CAF140014662B /* foodSyncUITests */ = {
			isa = PBXNativeTarget;
			buildConfigurationList = 158B21442D9CAF140014662B /* Build configuration list for PBXNativeTarget "foodSyncUITests" */;
			buildPhases = (
				158B212F2D9CAF140014662B /* Sources */,
				158B21302D9CAF140014662B /* Frameworks */,
				158B21312D9CAF140014662B /* Resources */,
			);
			buildRules = (
			);
			dependencies = (
				158B21352D9CAF140014662B /* PBXTargetDependency */,
			);
			fileSystemSynchronizedGroups = (
				158B21362D9CAF140014662B /* foodSyncUITests */,
			);
			name = foodSyncUITests;
			packageProductDependencies = (
			);
			productName = foodSyncUITests;
			productReference = 158B21332D9CAF140014662B /* foodSyncUITests.xctest */;
			productType = "com.apple.product-type.bundle.ui-testing";
		};
/* End PBXNativeTarget section */

/* Begin PBXProject section */
		158B210B2D9CAF120014662B /* Project object */ = {
			isa = PBXProject;
			attributes = {
				BuildIndependentTargetsInParallel = 1;
				LastSwiftUpdateCheck = 1620;
				LastUpgradeCheck = 1620;
				TargetAttributes = {
					158B21122D9CAF120014662B = {
						CreatedOnToolsVersion = 16.2;
					};
					158B21282D9CAF130014662B = {
						CreatedOnToolsVersion = 16.2;
						TestTargetID = 158B21122D9CAF120014662B;
					};
					158B21322D9CAF140014662B = {
						CreatedOnToolsVersion = 16.2;
						TestTargetID = 158B21122D9CAF120014662B;
					};
				};
			};
			buildConfigurationList = 158B210E2D9CAF120014662B /* Build configuration list for PBXProject "foodSync" */;
			developmentRegion = en;
			hasScannedForEncodings = 0;
			knownRegions = (
				en,
				Base,
			);
			mainGroup = 158B210A2D9CAF120014662B;
			minimizedProjectReferenceProxies = 1;
			preferredProjectObjectVersion = 77;
			productRefGroup = 158B21142D9CAF120014662B /* Products */;
			projectDirPath = "";
			projectRoot = "";
			targets = (
				158B21122D9CAF120014662B /* foodSync */,
				158B21282D9CAF130014662B /* foodSyncTests */,
				158B21322D9CAF140014662B /* foodSyncUITests */,
			);
		};
/* End PBXProject section */

/* Begin PBXResourcesBuildPhase section */
		158B21112D9CAF120014662B /* Resources */ = {
			isa = PBXResourcesBuildPhase;
			buildActionMask = 2147483647;
			files = (
			);
			runOnlyForDeploymentPostprocessing = 0;
		};
		158B21272D9CAF130014662B /* Resources */ = {
			isa = PBXResourcesBuildPhase;
			buildActionMask = 2147483647;
			files = (
			);
			runOnlyForDeploymentPostprocessing = 0;
		};
		158B21312D9CAF140014662B /* Resources */ = {
			isa = PBXResourcesBuildPhase;
			buildActionMask = 2147483647;
			files = (
			);
			runOnlyForDeploymentPostprocessing = 0;
		};
/* End PBXResourcesBuildPhase section */

/* Begin PBXSourcesBuildPhase section */
		158B210F2D9CAF120014662B /* Sources */ = {
			isa = PBXSourcesBuildPhase;
			buildActionMask = 2147483647;
			files = (
			);
			runOnlyForDeploymentPostprocessing = 0;
		};
		158B21252D9CAF130014662B /* Sources */ = {
			isa = PBXSourcesBuildPhase;
			buildActionMask = 2147483647;
			files = (
			);
			runOnlyForDeploymentPostprocessing = 0;
		};
		158B212F2D9CAF140014662B /* Sources */ = {
			isa = PBXSourcesBuildPhase;
			buildActionMask = 2147483647;
			files = (
			);
			runOnlyForDeploymentPostprocessing = 0;
		};
/* End PBXSourcesBuildPhase section */

/* Begin PBXTargetDependency section */
		158B212B2D9CAF130014662B /* PBXTargetDependency */ = {
			isa = PBXTargetDependency;
			target = 158B21122D9CAF120014662B /* foodSync */;
			targetProxy = 158B212A2D9CAF130014662B /* PBXContainerItemProxy */;
		};
		158B21352D9CAF140014662B /* PBXTargetDependency */ = {
			isa = PBXTargetDependency;
			target = 158B21122D9CAF120014662B /* foodSync */;
			targetProxy = 158B21342D9CAF140014662B /* PBXContainerItemProxy */;
		};
/* End PBXTargetDependency section */

/* Begin XCBuildConfiguration section */
		158B213D2D9CAF140014662B /* Debug */ = {
			isa = XCBuildConfiguration;
			buildSettings = {
				ASSETCATALOG_COMPILER_APPICON_NAME = AppIcon;
				ASSETCATALOG_COMPILER_GLOBAL_ACCENT_COLOR_NAME = AccentColor;
				CODE_SIGN_STYLE = Automatic;
				CURRENT_PROJECT_VERSION = 1;
				DEVELOPMENT_TEAM = JGVJCBX6BJ;
				GENERATE_INFOPLIST_FILE = YES;
				INFOPLIST_FILE = foodSync/Info.plist;
				INFOPLIST_KEY_UIApplicationSupportsIndirectInputEvents = YES;
				INFOPLIST_KEY_UILaunchStoryboardName = LaunchScreen;
				INFOPLIST_KEY_UIMainStoryboardFile = Main;
				INFOPLIST_KEY_UISupportedInterfaceOrientations_iPad = "UIInterfaceOrientationPortrait UIInterfaceOrientationPortraitUpsideDown UIInterfaceOrientationLandscapeLeft UIInterfaceOrientationLandscapeRight";
				INFOPLIST_KEY_UISupportedInterfaceOrientations_iPhone = "UIInterfaceOrientationPortrait UIInterfaceOrientationLandscapeLeft UIInterfaceOrientationLandscapeRight";
				LD_RUNPATH_SEARCH_PATHS = (
					"$(inherited)",
					"@executable_path/Frameworks",
				);
				MARKETING_VERSION = 1.0;
				PRODUCT_BUNDLE_IDENTIFIER = com.shinhyekim.foodSync;
				PRODUCT_NAME = "$(TARGET_NAME)";
				SWIFT_EMIT_LOC_STRINGS = YES;
				SWIFT_VERSION = 5.0;
				TARGETED_DEVICE_FAMILY = "1,2";
			};
			name = Debug;
		};
		158B213E2D9CAF140014662B /* Release */ = {
			isa = XCBuildConfiguration;
			buildSettings = {
				ASSETCATALOG_COMPILER_APPICON_NAME = AppIcon;
				ASSETCATALOG_COMPILER_GLOBAL_ACCENT_COLOR_NAME = AccentColor;
				CODE_SIGN_STYLE = Automatic;
				CURRENT_PROJECT_VERSION = 1;
				DEVELOPMENT_TEAM = JGVJCBX6BJ;
				GENERATE_INFOPLIST_FILE = YES;
				INFOPLIST_FILE = foodSync/Info.plist;
				INFOPLIST_KEY_UIApplicationSupportsIndirectInputEvents = YES;
				INFOPLIST_KEY_UILaunchStoryboardName = LaunchScreen;
				INFOPLIST_KEY_UIMainStoryboardFile = Main;
				INFOPLIST_KEY_UISupportedInterfaceOrientations_iPad = "UIInterfaceOrientationPortrait UIInterfaceOrientationPortraitUpsideDown UIInterfaceOrientationLandscapeLeft UIInterfaceOrientationLandscapeRight";
				INFOPLIST_KEY_UISupportedInterfaceOrientations_iPhone = "UIInterfaceOrientationPortrait UIInterfaceOrientationLandscapeLeft UIInterfaceOrientationLandscapeRight";
				LD_RUNPATH_SEARCH_PATHS = (
					"$(inherited)",
					"@executable_path/Frameworks",
				);
				MARKETING_VERSION = 1.0;
				PRODUCT_BUNDLE_IDENTIFIER = com.shinhyekim.foodSync;
				PRODUCT_NAME = "$(TARGET_NAME)";
				SWIFT_EMIT_LOC_STRINGS = YES;
				SWIFT_VERSION = 5.0;
				TARGETED_DEVICE_FAMILY = "1,2";
			};
			name = Release;
		};
		158B213F2D9CAF140014662B /* Debug */ = {
			isa = XCBuildConfiguration;
			buildSettings = {
				ALWAYS_SEARCH_USER_PATHS = NO;
				ASSETCATALOG_COMPILER_GENERATE_SWIFT_ASSET_SYMBOL_EXTENSIONS = YES;
				CLANG_ANALYZER_NONNULL = YES;
				CLANG_ANALYZER_NUMBER_OBJECT_CONVERSION = YES_AGGRESSIVE;
				CLANG_CXX_LANGUAGE_STANDARD = "gnu++20";
				CLANG_ENABLE_MODULES = YES;
				CLANG_ENABLE_OBJC_ARC = YES;
				CLANG_ENABLE_OBJC_WEAK = YES;
				CLANG_WARN_BLOCK_CAPTURE_AUTORELEASING = YES;
				CLANG_WARN_BOOL_CONVERSION = YES;
				CLANG_WARN_COMMA = YES;
				CLANG_WARN_CONSTANT_CONVERSION = YES;
				CLANG_WARN_DEPRECATED_OBJC_IMPLEMENTATIONS = YES;
				CLANG_WARN_DIRECT_OBJC_ISA_USAGE = YES_ERROR;
				CLANG_WARN_DOCUMENTATION_COMMENTS = YES;
				CLANG_WARN_EMPTY_BODY = YES;
				CLANG_WARN_ENUM_CONVERSION = YES;
				CLANG_WARN_INFINITE_RECURSION = YES;
				CLANG_WARN_INT_CONVERSION = YES;
				CLANG_WARN_NON_LITERAL_NULL_CONVERSION = YES;
				CLANG_WARN_OBJC_IMPLICIT_RETAIN_SELF = YES;
				CLANG_WARN_OBJC_LITERAL_CONVERSION = YES;
				CLANG_WARN_OBJC_ROOT_CLASS = YES_ERROR;
				CLANG_WARN_QUOTED_INCLUDE_IN_FRAMEWORK_HEADER = YES;
				CLANG_WARN_RANGE_LOOP_ANALYSIS = YES;
				CLANG_WARN_STRICT_PROTOTYPES = YES;
				CLANG_WARN_SUSPICIOUS_MOVE = YES;
				CLANG_WARN_UNGUARDED_AVAILABILITY = YES_AGGRESSIVE;
				CLANG_WARN_UNREACHABLE_CODE = YES;
				CLANG_WARN__DUPLICATE_METHOD_MATCH = YES;
				COPY_PHASE_STRIP = NO;
				DEBUG_INFORMATION_FORMAT = dwarf;
				ENABLE_STRICT_OBJC_MSGSEND = YES;
				ENABLE_TESTABILITY = YES;
				ENABLE_USER_SCRIPT_SANDBOXING = YES;
				GCC_C_LANGUAGE_STANDARD = gnu17;
				GCC_DYNAMIC_NO_PIC = NO;
				GCC_NO_COMMON_BLOCKS = YES;
				GCC_OPTIMIZATION_LEVEL = 0;
				GCC_PREPROCESSOR_DEFINITIONS = (
					"DEBUG=1",
					"$(inherited)",
				);
				GCC_WARN_64_TO_32_BIT_CONVERSION = YES;
				GCC_WARN_ABOUT_RETURN_TYPE = YES_ERROR;
				GCC_WARN_UNDECLARED_SELECTOR = YES;
				GCC_WARN_UNINITIALIZED_AUTOS = YES_AGGRESSIVE;
				GCC_WARN_UNUSED_FUNCTION = YES;
				GCC_WARN_UNUSED_VARIABLE = YES;
				IPHONEOS_DEPLOYMENT_TARGET = 18.2;
				LOCALIZATION_PREFERS_STRING_CATALOGS = YES;
				MTL_ENABLE_DEBUG_INFO = INCLUDE_SOURCE;
				MTL_FAST_MATH = YES;
				ONLY_ACTIVE_ARCH = YES;
				SDKROOT = iphoneos;
				SWIFT_ACTIVE_COMPILATION_CONDITIONS = "DEBUG $(inherited)";
				SWIFT_OPTIMIZATION_LEVEL = "-Onone";
			};
			name = Debug;
		};
		158B21402D9CAF140014662B /* Release */ = {
			isa = XCBuildConfiguration;
			buildSettings = {
				ALWAYS_SEARCH_USER_PATHS = NO;
				ASSETCATALOG_COMPILER_GENERATE_SWIFT_ASSET_SYMBOL_EXTENSIONS = YES;
				CLANG_ANALYZER_NONNULL = YES;
				CLANG_ANALYZER_NUMBER_OBJECT_CONVERSION = YES_AGGRESSIVE;
				CLANG_CXX_LANGUAGE_STANDARD = "gnu++20";
				CLANG_ENABLE_MODULES = YES;
				CLANG_ENABLE_OBJC_ARC = YES;
				CLANG_ENABLE_OBJC_WEAK = YES;
				CLANG_WARN_BLOCK_CAPTURE_AUTORELEASING = YES;
				CLANG_WARN_BOOL_CONVERSION = YES;
				CLANG_WARN_COMMA = YES;
				CLANG_WARN_CONSTANT_CONVERSION = YES;
				CLANG_WARN_DEPRECATED_OBJC_IMPLEMENTATIONS = YES;
				CLANG_WARN_DIRECT_OBJC_ISA_USAGE = YES_ERROR;
				CLANG_WARN_DOCUMENTATION_COMMENTS = YES;
				CLANG_WARN_EMPTY_BODY = YES;
				CLANG_WARN_ENUM_CONVERSION = YES;
				CLANG_WARN_INFINITE_RECURSION = YES;
				CLANG_WARN_INT_CONVERSION = YES;
				CLANG_WARN_NON_LITERAL_NULL_CONVERSION = YES;
				CLANG_WARN_OBJC_IMPLICIT_RETAIN_SELF = YES;
				CLANG_WARN_OBJC_LITERAL_CONVERSION = YES;
				CLANG_WARN_OBJC_ROOT_CLASS = YES_ERROR;
				CLANG_WARN_QUOTED_INCLUDE_IN_FRAMEWORK_HEADER = YES;
				CLANG_WARN_RANGE_LOOP_ANALYSIS = YES;
				CLANG_WARN_STRICT_PROTOTYPES = YES;
				CLANG_WARN_SUSPICIOUS_MOVE = YES;
				CLANG_WARN_UNGUARDED_AVAILABILITY = YES_AGGRESSIVE;
				CLANG_WARN_UNREACHABLE_CODE = YES;
				CLANG_WARN__DUPLICATE_METHOD_MATCH = YES;
				COPY_PHASE_STRIP = NO;
				DEBUG_INFORMATION_FORMAT = "dwarf-with-dsym";
				ENABLE_NS_ASSERTIONS = NO;
				ENABLE_STRICT_OBJC_MSGSEND = YES;
				ENABLE_USER_SCRIPT_SANDBOXING = YES;
				GCC_C_LANGUAGE_STANDARD = gnu17;
				GCC_NO_COMMON_BLOCKS = YES;
				GCC_WARN_64_TO_32_BIT_CONVERSION = YES;
				GCC_WARN_ABOUT_RETURN_TYPE = YES_ERROR;
				GCC_WARN_UNDECLARED_SELECTOR = YES;
				GCC_WARN_UNINITIALIZED_AUTOS = YES_AGGRESSIVE;
				GCC_WARN_UNUSED_FUNCTION = YES;
				GCC_WARN_UNUSED_VARIABLE = YES;
				IPHONEOS_DEPLOYMENT_TARGET = 18.2;
				LOCALIZATION_PREFERS_STRING_CATALOGS = YES;
				MTL_ENABLE_DEBUG_INFO = NO;
				MTL_FAST_MATH = YES;
				SDKROOT = iphoneos;
				SWIFT_COMPILATION_MODE = wholemodule;
				VALIDATE_PRODUCT = YES;
			};
			name = Release;
		};
		158B21422D9CAF140014662B /* Debug */ = {
			isa = XCBuildConfiguration;
			buildSettings = {
				BUNDLE_LOADER = "$(TEST_HOST)";
				CODE_SIGN_STYLE = Automatic;
				CURRENT_PROJECT_VERSION = 1;
				DEVELOPMENT_TEAM = JGVJCBX6BJ;
				GENERATE_INFOPLIST_FILE = YES;
				IPHONEOS_DEPLOYMENT_TARGET = 18.2;
				MARKETING_VERSION = 1.0;
				PRODUCT_BUNDLE_IDENTIFIER = com.shinhyekim.foodSyncTests;
				PRODUCT_NAME = "$(TARGET_NAME)";
				SWIFT_EMIT_LOC_STRINGS = NO;
				SWIFT_VERSION = 5.0;
				TARGETED_DEVICE_FAMILY = "1,2";
				TEST_HOST = "$(BUILT_PRODUCTS_DIR)/foodSync.app/$(BUNDLE_EXECUTABLE_FOLDER_PATH)/foodSync";
			};
			name = Debug;
		};
		158B21432D9CAF140014662B /* Release */ = {
			isa = XCBuildConfiguration;
			buildSettings = {
				BUNDLE_LOADER = "$(TEST_HOST)";
				CODE_SIGN_STYLE = Automatic;
				CURRENT_PROJECT_VERSION = 1;
				DEVELOPMENT_TEAM = JGVJCBX6BJ;
				GENERATE_INFOPLIST_FILE = YES;
				IPHONEOS_DEPLOYMENT_TARGET = 18.2;
				MARKETING_VERSION = 1.0;
				PRODUCT_BUNDLE_IDENTIFIER = com.shinhyekim.foodSyncTests;
				PRODUCT_NAME = "$(TARGET_NAME)";
				SWIFT_EMIT_LOC_STRINGS = NO;
				SWIFT_VERSION = 5.0;
				TARGETED_DEVICE_FAMILY = "1,2";
				TEST_HOST = "$(BUILT_PRODUCTS_DIR)/foodSync.app/$(BUNDLE_EXECUTABLE_FOLDER_PATH)/foodSync";
			};
			name = Release;
		};
		158B21452D9CAF140014662B /* Debug */ = {
			isa = XCBuildConfiguration;
			buildSettings = {
				CODE_SIGN_STYLE = Automatic;
				CURRENT_PROJECT_VERSION = 1;
				DEVELOPMENT_TEAM = JGVJCBX6BJ;
				GENERATE_INFOPLIST_FILE = YES;
				MARKETING_VERSION = 1.0;
				PRODUCT_BUNDLE_IDENTIFIER = com.shinhyekim.foodSyncUITests;
				PRODUCT_NAME = "$(TARGET_NAME)";
				SWIFT_EMIT_LOC_STRINGS = NO;
				SWIFT_VERSION = 5.0;
				TARGETED_DEVICE_FAMILY = "1,2";
				TEST_TARGET_NAME = foodSync;
			};
			name = Debug;
		};
		158B21462D9CAF140014662B /* Release */ = {
			isa = XCBuildConfiguration;
			buildSettings = {
				CODE_SIGN_STYLE = Automatic;
				CURRENT_PROJECT_VERSION = 1;
				DEVELOPMENT_TEAM = JGVJCBX6BJ;
				GENERATE_INFOPLIST_FILE = YES;
				MARKETING_VERSION = 1.0;
				PRODUCT_BUNDLE_IDENTIFIER = com.shinhyekim.foodSyncUITests;
				PRODUCT_NAME = "$(TARGET_NAME)";
				SWIFT_EMIT_LOC_STRINGS = NO;
				SWIFT_VERSION = 5.0;
				TARGETED_DEVICE_FAMILY = "1,2";
				TEST_TARGET_NAME = foodSync;
			};
			name = Release;
		};
/* End XCBuildConfiguration section */

/* Begin XCConfigurationList section */
		158B210E2D9CAF120014662B /* Build configuration list for PBXProject "foodSync" */ = {
			isa = XCConfigurationList;
			buildConfigurations = (
				158B213F2D9CAF140014662B /* Debug */,
				158B21402D9CAF140014662B /* Release */,
			);
			defaultConfigurationIsVisible = 0;
			defaultConfigurationName = Release;
		};
		158B213C2D9CAF140014662B /* Build configuration list for PBXNativeTarget "foodSync" */ = {
			isa = XCConfigurationList;
			buildConfigurations = (
				158B213D2D9CAF140014662B /* Debug */,
				158B213E2D9CAF140014662B /* Release */,
			);
			defaultConfigurationIsVisible = 0;
			defaultConfigurationName = Release;
		};
		158B21412D9CAF140014662B /* Build configuration list for PBXNativeTarget "foodSyncTests" */ = {
			isa = XCConfigurationList;
			buildConfigurations = (
				158B21422D9CAF140014662B /* Debug */,
				158B21432D9CAF140014662B /* Release */,
			);
			defaultConfigurationIsVisible = 0;
			defaultConfigurationName = Release;
		};
		158B21442D9CAF140014662B /* Build configuration list for PBXNativeTarget "foodSyncUITests" */ = {
			isa = XCConfigurationList;
			buildConfigurations = (
				158B21452D9CAF140014662B /* Debug */,
				158B21462D9CAF140014662B /* Release */,
			);
			defaultConfigurationIsVisible = 0;
			defaultConfigurationName = Release;
		};
/* End XCConfigurationList section */
	};
	rootObject = 158B210B2D9CAF120014662B /* Project object */;
}
